
Microsoft Visual Studio Solution File, Format Version 12.00
# Visual Studio 2012
Project("{FAE04EC0-301F-11D3-BF4B-00C04F79EFBC}") = "logic", "logic.csproj", "{E378AC3F-877A-445E-9F7C-05E54409B3C1}"
EndProject
Global
	GlobalSection(SolutionConfigurationPlatforms) = preSolution
		Debug|x86 = Debug|x86
		Release|x86 = Release|x86
	EndGlobalSection
	GlobalSection(ProjectConfigurationPlatforms) = postSolution
		{E378AC3F-877A-445E-9F7C-05E54409B3C1}.Debug|x86.ActiveCfg = Debug|x86
		{E378AC3F-877A-445E-9F7C-05E54409B3C1}.Debug|x86.Build.0 = Debug|x86
		{E378AC3F-877A-445E-9F7C-05E54409B3C1}.Release|x86.ActiveCfg = Release|x86
		{E378AC3F-877A-445E-9F7C-05E54409B3C1}.Release|x86.Build.0 = Release|x86
	EndGlobalSection
EndGlobal
