
Microsoft Visual Studio Solution File, Format Version 12.00
# Visual Studio 2012
Project("{FAE04EC0-301F-11D3-BF4B-00C04F79EFBC}") = "logic", "logic\logic.csproj", "{4CFEB018-92A2-49F1-8388-95DFBDE1CF9C}"
EndProject
Project("{FAE04EC0-301F-11D3-BF4B-00C04F79EFBC}") = "function", "function\function.csproj", "{9B0472CD-BCDA-4E80-94BA-860ADFF4D907}"
EndProject
Project("{FAE04EC0-301F-11D3-BF4B-00C04F79EFBC}") = "class", "class\class.csproj", "{273AF200-CFD3-4678-8DAA-6D94BC27A929}"
EndProject
Project("{2150E333-8FDC-42A3-9474-1A3956D46DE8}") = "library", "library", "{6BAAE5CD-AB03-4AED-8AB6-BC89C6390114}"
EndProject
Project("{FAE04EC0-301F-11D3-BF4B-00C04F79EFBC}") = "lib.client", "lib.client\lib.client.csproj", "{7D1E0073-12D4-4161-B6B0-1AF7793311EF}"
EndProject
Project("{FAE04EC0-301F-11D3-BF4B-00C04F79EFBC}") = "lib.palindromes", "lib.palindromes\lib.palindromes.csproj", "{444255AD-860C-4518-A305-E4EE81C1FC36}"
EndProject
Project("{2150E333-8FDC-42A3-9474-1A3956D46DE8}") = "component", "component", "{42DF0B5B-E0B1-4BB6-8003-2466D6BD7657}"
EndProject
Project("{FAE04EC0-301F-11D3-BF4B-00C04F79EFBC}") = "component.app", "component.app\component.app.csproj", "{12D68607-37AA-42A7-A525-FED46EBF1698}"
EndProject
Project("{FAE04EC0-301F-11D3-BF4B-00C04F79EFBC}") = "component.client", "component.client\component.client.csproj", "{44B4C022-CEBA-443C-9F47-E1F3AAEBDF64}"
EndProject
Project("{FAE04EC0-301F-11D3-BF4B-00C04F79EFBC}") = "component.contract", "component.contract\component.contract.csproj", "{4AC63B0B-364C-48AE-B6C0-DE5D448C6950}"
EndProject
Project("{FAE04EC0-301F-11D3-BF4B-00C04F79EFBC}") = "component.implementation", "component.implementation\component.implementation.csproj", "{E4E7DE36-32D7-43B9-A909-1DC38F788B7B}"
EndProject
Global
	GlobalSection(SolutionConfigurationPlatforms) = preSolution
		Debug|x86 = Debug|x86
		Release|x86 = Release|x86
	EndGlobalSection
	GlobalSection(ProjectConfigurationPlatforms) = postSolution
		{12D68607-37AA-42A7-A525-FED46EBF1698}.Debug|x86.ActiveCfg = Debug|x86
		{12D68607-37AA-42A7-A525-FED46EBF1698}.Debug|x86.Build.0 = Debug|x86
		{12D68607-37AA-42A7-A525-FED46EBF1698}.Release|x86.ActiveCfg = Release|x86
		{12D68607-37AA-42A7-A525-FED46EBF1698}.Release|x86.Build.0 = Release|x86
		{273AF200-CFD3-4678-8DAA-6D94BC27A929}.Debug|x86.ActiveCfg = Debug|x86
		{273AF200-CFD3-4678-8DAA-6D94BC27A929}.Debug|x86.Build.0 = Debug|x86
		{273AF200-CFD3-4678-8DAA-6D94BC27A929}.Release|x86.ActiveCfg = Release|x86
		{273AF200-CFD3-4678-8DAA-6D94BC27A929}.Release|x86.Build.0 = Release|x86
		{444255AD-860C-4518-A305-E4EE81C1FC36}.Debug|x86.ActiveCfg = Debug|Any CPU
		{444255AD-860C-4518-A305-E4EE81C1FC36}.Debug|x86.Build.0 = Debug|Any CPU
		{444255AD-860C-4518-A305-E4EE81C1FC36}.Release|x86.ActiveCfg = Release|Any CPU
		{444255AD-860C-4518-A305-E4EE81C1FC36}.Release|x86.Build.0 = Release|Any CPU
		{44B4C022-CEBA-443C-9F47-E1F3AAEBDF64}.Debug|x86.ActiveCfg = Debug|Any CPU
		{44B4C022-CEBA-443C-9F47-E1F3AAEBDF64}.Debug|x86.Build.0 = Debug|Any CPU
		{44B4C022-CEBA-443C-9F47-E1F3AAEBDF64}.Release|x86.ActiveCfg = Release|Any CPU
		{44B4C022-CEBA-443C-9F47-E1F3AAEBDF64}.Release|x86.Build.0 = Release|Any CPU
		{4AC63B0B-364C-48AE-B6C0-DE5D448C6950}.Debug|x86.ActiveCfg = Debug|Any CPU
		{4AC63B0B-364C-48AE-B6C0-DE5D448C6950}.Debug|x86.Build.0 = Debug|Any CPU
		{4AC63B0B-364C-48AE-B6C0-DE5D448C6950}.Release|x86.ActiveCfg = Release|Any CPU
		{4AC63B0B-364C-48AE-B6C0-DE5D448C6950}.Release|x86.Build.0 = Release|Any CPU
		{4CFEB018-92A2-49F1-8388-95DFBDE1CF9C}.Debug|x86.ActiveCfg = Debug|x86
		{4CFEB018-92A2-49F1-8388-95DFBDE1CF9C}.Debug|x86.Build.0 = Debug|x86
		{4CFEB018-92A2-49F1-8388-95DFBDE1CF9C}.Release|x86.ActiveCfg = Release|x86
		{4CFEB018-92A2-49F1-8388-95DFBDE1CF9C}.Release|x86.Build.0 = Release|x86
		{7D1E0073-12D4-4161-B6B0-1AF7793311EF}.Debug|x86.ActiveCfg = Debug|x86
		{7D1E0073-12D4-4161-B6B0-1AF7793311EF}.Debug|x86.Build.0 = Debug|x86
		{7D1E0073-12D4-4161-B6B0-1AF7793311EF}.Release|x86.ActiveCfg = Release|x86
		{7D1E0073-12D4-4161-B6B0-1AF7793311EF}.Release|x86.Build.0 = Release|x86
		{9B0472CD-BCDA-4E80-94BA-860ADFF4D907}.Debug|x86.ActiveCfg = Debug|x86
		{9B0472CD-BCDA-4E80-94BA-860ADFF4D907}.Debug|x86.Build.0 = Debug|x86
		{9B0472CD-BCDA-4E80-94BA-860ADFF4D907}.Release|x86.ActiveCfg = Release|x86
		{9B0472CD-BCDA-4E80-94BA-860ADFF4D907}.Release|x86.Build.0 = Release|x86
		{E4E7DE36-32D7-43B9-A909-1DC38F788B7B}.Debug|x86.ActiveCfg = Debug|Any CPU
		{E4E7DE36-32D7-43B9-A909-1DC38F788B7B}.Debug|x86.Build.0 = Debug|Any CPU
		{E4E7DE36-32D7-43B9-A909-1DC38F788B7B}.Release|x86.ActiveCfg = Release|Any CPU
		{E4E7DE36-32D7-43B9-A909-1DC38F788B7B}.Release|x86.Build.0 = Release|Any CPU
	EndGlobalSection
	GlobalSection(NestedProjects) = preSolution
		{7D1E0073-12D4-4161-B6B0-1AF7793311EF} = {6BAAE5CD-AB03-4AED-8AB6-BC89C6390114}
		{444255AD-860C-4518-A305-E4EE81C1FC36} = {6BAAE5CD-AB03-4AED-8AB6-BC89C6390114}
		{12D68607-37AA-42A7-A525-FED46EBF1698} = {42DF0B5B-E0B1-4BB6-8003-2466D6BD7657}
		{44B4C022-CEBA-443C-9F47-E1F3AAEBDF64} = {42DF0B5B-E0B1-4BB6-8003-2466D6BD7657}
		{4AC63B0B-364C-48AE-B6C0-DE5D448C6950} = {42DF0B5B-E0B1-4BB6-8003-2466D6BD7657}
		{E4E7DE36-32D7-43B9-A909-1DC38F788B7B} = {42DF0B5B-E0B1-4BB6-8003-2466D6BD7657}
	EndGlobalSection
EndGlobal
